
Microsoft Visual Studio Solution File, Format Version 11.00
# Visual Studio 2010
Project("{8BC9CEB8-8B4A-11D0-8D11-00A0C91BC942}") = "LittleT", "LittleT\LittleT.vcxproj", "{0A763285-C47C-4125-89AF-6BB461BB1AEF}"
EndProject
Project("{8BC9CEB8-8B4A-11D0-8D11-00A0C91BC942}") = "LittleTUpdater", "LittleTUpdater\LittleTUpdater.vcxproj", "{BBB17EE5-B510-415E-A146-7D2177FE3BD1}"
EndProject
Project("{8BC9CEB8-8B4A-11D0-8D11-00A0C91BC942}") = "ADEncryt", "ADEncryt\ADEncryt.vcxproj", "{175DBD32-F27D-4F5E-9824-347B98A0BF18}"
EndProject
Project("{8BC9CEB8-8B4A-11D0-8D11-00A0C91BC942}") = "UIZipMaker", "UIZipMaker\UIZipMaker.vcxproj", "{AEB092E5-D5B4-4A0F-A2C0-B4A88135BE6A}"
EndProject
Project("{8BC9CEB8-8B4A-11D0-8D11-00A0C91BC942}") = "zlib", "..\UIBase\crypt\zlib\zlib.vcxproj", "{D6B774B4-60ED-46EC-885A-5795567A6B63}"
EndProject
Project("{8BC9CEB8-8B4A-11D0-8D11-00A0C91BC942}") = "LittleTShell", "LittleTShell\LittleTShell.vcxproj", "{354DDE04-7F4C-437B-B91A-83C28BB91D90}"
EndProject
Global
	GlobalSection(SolutionConfigurationPlatforms) = preSolution
		Debug|Win32 = Debug|Win32
		Release|Win32 = Release|Win32
	EndGlobalSection
	GlobalSection(ProjectConfigurationPlatforms) = postSolution
		{0A763285-C47C-4125-89AF-6BB461BB1AEF}.Debug|Win32.ActiveCfg = Debug|Win32
		{0A763285-C47C-4125-89AF-6BB461BB1AEF}.Debug|Win32.Build.0 = Debug|Win32
		{0A763285-C47C-4125-89AF-6BB461BB1AEF}.Release|Win32.ActiveCfg = Release|Win32
		{0A763285-C47C-4125-89AF-6BB461BB1AEF}.Release|Win32.Build.0 = Release|Win32
		{BBB17EE5-B510-415E-A146-7D2177FE3BD1}.Debug|Win32.ActiveCfg = Debug|Win32
		{BBB17EE5-B510-415E-A146-7D2177FE3BD1}.Debug|Win32.Build.0 = Debug|Win32
		{BBB17EE5-B510-415E-A146-7D2177FE3BD1}.Release|Win32.ActiveCfg = Release|Win32
		{BBB17EE5-B510-415E-A146-7D2177FE3BD1}.Release|Win32.Build.0 = Release|Win32
		{175DBD32-F27D-4F5E-9824-347B98A0BF18}.Debug|Win32.ActiveCfg = Debug|Win32
		{175DBD32-F27D-4F5E-9824-347B98A0BF18}.Debug|Win32.Build.0 = Debug|Win32
		{175DBD32-F27D-4F5E-9824-347B98A0BF18}.Release|Win32.ActiveCfg = Release|Win32
		{175DBD32-F27D-4F5E-9824-347B98A0BF18}.Release|Win32.Build.0 = Release|Win32
		{AEB092E5-D5B4-4A0F-A2C0-B4A88135BE6A}.Debug|Win32.ActiveCfg = Debug|Win32
		{AEB092E5-D5B4-4A0F-A2C0-B4A88135BE6A}.Debug|Win32.Build.0 = Debug|Win32
		{AEB092E5-D5B4-4A0F-A2C0-B4A88135BE6A}.Release|Win32.ActiveCfg = Release|Win32
		{AEB092E5-D5B4-4A0F-A2C0-B4A88135BE6A}.Release|Win32.Build.0 = Release|Win32
		{D6B774B4-60ED-46EC-885A-5795567A6B63}.Debug|Win32.ActiveCfg = Debug|Win32
		{D6B774B4-60ED-46EC-885A-5795567A6B63}.Debug|Win32.Build.0 = Debug|Win32
		{D6B774B4-60ED-46EC-885A-5795567A6B63}.Release|Win32.ActiveCfg = Release|Win32
		{D6B774B4-60ED-46EC-885A-5795567A6B63}.Release|Win32.Build.0 = Release|Win32
		{354DDE04-7F4C-437B-B91A-83C28BB91D90}.Debug|Win32.ActiveCfg = Debug|Win32
		{354DDE04-7F4C-437B-B91A-83C28BB91D90}.Debug|Win32.Build.0 = Debug|Win32
		{354DDE04-7F4C-437B-B91A-83C28BB91D90}.Release|Win32.ActiveCfg = Release|Win32
		{354DDE04-7F4C-437B-B91A-83C28BB91D90}.Release|Win32.Build.0 = Release|Win32
	EndGlobalSection
	GlobalSection(SolutionProperties) = preSolution
		HideSolutionNode = FALSE
	EndGlobalSection
EndGlobal
