<?xml version="1.0" encoding="utf-8"?>
<Project ToolsVersion="4.0" xmlns="http://schemas.microsoft.com/developer/msbuild/2003">
  <ItemGroup>
    <Filter Include="Source Files">
      <UniqueIdentifier>{4FC737F1-C7A5-4376-A066-2A32D752A2FF}</UniqueIdentifier>
      <Extensions>cpp;c;cc;cxx;def;odl;idl;hpj;bat;asm;asmx</Extensions>
    </Filter>
    <Filter Include="Header Files">
      <UniqueIdentifier>{93995380-89BD-4b04-88EB-625FBE52EBFB}</UniqueIdentifier>
      <Extensions>h;hpp;hxx;hm;inl;inc;xsd</Extensions>
    </Filter>
    <Filter Include="Resource Files">
      <UniqueIdentifier>{67DA6AB6-F800-4c08-8B7A-83BB121AAD01}</UniqueIdentifier>
      <Extensions>rc;ico;cur;bmp;dlg;rc2;rct;bin;rgs;gif;jpg;jpeg;jpe;resx;tiff;tif;png;wav;mfcribbon-ms</Extensions>
    </Filter>
    <Filter Include="Header Files\plan">
      <UniqueIdentifier>{03553964-4260-43ee-b796-2909811567f2}</UniqueIdentifier>
    </Filter>
    <Filter Include="common">
      <UniqueIdentifier>{45bd65da-6c17-4003-86a5-d878e3d0a581}</UniqueIdentifier>
    </Filter>
    <Filter Include="uibase">
      <UniqueIdentifier>{e4476bf5-cefc-4480-a937-29e449d4a94d}</UniqueIdentifier>
    </Filter>
    <Filter Include="userfeed">
      <UniqueIdentifier>{ab304cfd-3932-45a2-93cf-6bcef6e9b23f}</UniqueIdentifier>
    </Filter>
    <Filter Include="便签">
      <UniqueIdentifier>{1c3c5f71-91a3-4564-a129-cdff9696d216}</UniqueIdentifier>
    </Filter>
    <Filter Include="deps">
      <UniqueIdentifier>{5ccd0fb2-d501-4bae-b499-84fea6187415}</UniqueIdentifier>
    </Filter>
    <Filter Include="deps\db">
      <UniqueIdentifier>{21270f94-4bae-44d7-9eab-53458c22a759}</UniqueIdentifier>
    </Filter>
  </ItemGroup>
  <ItemGroup>
    <None Include="ReadMe.txt" />
    <None Include="small.ico">
      <Filter>Resource Files</Filter>
    </None>
    <None Include="LittleT.ico">
      <Filter>Resource Files</Filter>
    </None>
    <None Include="icon1.ico">
      <Filter>Resource Files</Filter>
    </None>
    <None Include="res\LittleT.ico">
      <Filter>Resource Files</Filter>
    </None>
  </ItemGroup>
  <ItemGroup>
    <ClInclude Include="targetver.h">
      <Filter>Header Files</Filter>
    </ClInclude>
    <ClInclude Include="Resource.h">
      <Filter>Header Files</Filter>
    </ClInclude>
    <ClInclude Include="LittleT.h">
      <Filter>Header Files</Filter>
    </ClInclude>
    <ClInclude Include="LittleTFrame.h">
      <Filter>Header Files</Filter>
    </ClInclude>
    <ClInclude Include="LViewTodo.h">
      <Filter>Header Files</Filter>
    </ClInclude>
    <ClInclude Include="LViewEvent.h">
      <Filter>Header Files</Filter>
    </ClInclude>
    <ClInclude Include="LAddTask.h">
      <Filter>Header Files</Filter>
    </ClInclude>
    <ClInclude Include="QEventRemindDlg.h">
      <Filter>Header Files</Filter>
    </ClInclude>
    <ClInclude Include="QPictureLoader.h">
      <Filter>Header Files</Filter>
    </ClInclude>
    <ClInclude Include="LDatas.h">
      <Filter>Header Files</Filter>
    </ClInclude>
    <ClInclude Include="LViewPlan.h">
      <Filter>Header Files</Filter>
    </ClInclude>
    <ClInclude Include="LFormStage.h">
      <Filter>Header Files\plan</Filter>
    </ClInclude>
    <ClInclude Include="LFormPlan.h">
      <Filter>Header Files\plan</Filter>
    </ClInclude>
    <ClInclude Include="LFormGoalItem.h">
      <Filter>Header Files\plan</Filter>
    </ClInclude>
    <ClInclude Include="LFormGoal.h">
      <Filter>Header Files\plan</Filter>
    </ClInclude>
    <ClInclude Include="LAboutDlg.h">
      <Filter>Header Files</Filter>
    </ClInclude>
    <ClInclude Include="QResIconsDlg.h">
      <Filter>Header Files\plan</Filter>
    </ClInclude>
    <ClInclude Include="..\common\ConstValues.h">
      <Filter>common</Filter>
    </ClInclude>
    <ClInclude Include="..\common\LittleTcmn.h">
      <Filter>common</Filter>
    </ClInclude>
    <ClInclude Include="..\common\LittleTUIcmn.h">
      <Filter>common</Filter>
    </ClInclude>
    <ClInclude Include="..\common\ProcessMan.h">
      <Filter>common</Filter>
    </ClInclude>
    <ClInclude Include="..\common\QAutoTask.h">
      <Filter>common</Filter>
    </ClInclude>
    <ClInclude Include="..\common\QDBHelper.h">
      <Filter>common</Filter>
    </ClInclude>
    <ClInclude Include="..\common\QDBPlan.h">
      <Filter>common</Filter>
    </ClInclude>
    <ClInclude Include="..\common\QDBRes.h">
      <Filter>common</Filter>
    </ClInclude>
    <ClInclude Include="..\common\QHelper.h">
      <Filter>common</Filter>
    </ClInclude>
    <ClInclude Include="..\common\QTimer.h">
      <Filter>common</Filter>
    </ClInclude>
    <ClInclude Include="..\common\Worker.h">
      <Filter>common</Filter>
    </ClInclude>
    <ClInclude Include="..\common\QLongplan.h">
      <Filter>common</Filter>
    </ClInclude>
    <ClInclude Include="..\common\QNote.h">
      <Filter>common</Filter>
    </ClInclude>
    <ClInclude Include="..\common\QTimerMan.h">
      <Filter>common</Filter>
    </ClInclude>
    <ClInclude Include="QShellListener.h">
      <Filter>Header Files</Filter>
    </ClInclude>
    <ClInclude Include="LittleTView.h">
      <Filter>Header Files</Filter>
    </ClInclude>
    <ClInclude Include="feed\Feedback.h">
      <Filter>userfeed</Filter>
    </ClInclude>
    <ClInclude Include="..\..\deps\FileVersion.hpp">
      <Filter>deps</Filter>
    </ClInclude>
    <ClInclude Include="..\..\deps\sys\UACSElfElevation.h">
      <Filter>deps</Filter>
    </ClInclude>
    <ClInclude Include="..\..\deps\file\FileOper.h">
      <Filter>deps</Filter>
    </ClInclude>
    <ClInclude Include="stdafx.h">
      <Filter>Header Files</Filter>
    </ClInclude>
    <ClInclude Include="..\..\deps\ui\SystemTraySDK.h">
      <Filter>deps</Filter>
    </ClInclude>
    <ClInclude Include="..\..\deps\img\QImgProcess.h">
      <Filter>deps</Filter>
    </ClInclude>
    <ClInclude Include="..\..\deps\file\FileEnumerator.h">
      <Filter>deps</Filter>
    </ClInclude>
    <ClInclude Include="..\..\deps\app.h">
      <Filter>deps</Filter>
    </ClInclude>
    <ClInclude Include="LStickyNote.h">
      <Filter>Header Files</Filter>
    </ClInclude>
  </ItemGroup>
  <ItemGroup>
    <ClCompile Include="LittleT.cpp">
      <Filter>Source Files</Filter>
    </ClCompile>
    <ClCompile Include="LittleTFrame.cpp">
      <Filter>Source Files</Filter>
    </ClCompile>
    <ClCompile Include="LViewTodo.cpp">
      <Filter>Source Files</Filter>
    </ClCompile>
    <ClCompile Include="LViewEvent.cpp">
      <Filter>Source Files</Filter>
    </ClCompile>
    <ClCompile Include="LAddTask.cpp">
      <Filter>Source Files</Filter>
    </ClCompile>
    <ClCompile Include="QEventRemindDlg.cpp">
      <Filter>Source Files</Filter>
    </ClCompile>
    <ClCompile Include="QUtilWnd.cpp">
      <Filter>Source Files</Filter>
    </ClCompile>
    <ClCompile Include="LDatas.cpp">
      <Filter>Source Files</Filter>
    </ClCompile>
    <ClCompile Include="LViewPlan.cpp">
      <Filter>Source Files</Filter>
    </ClCompile>
    <ClCompile Include="LFormStage.cpp">
      <Filter>Header Files\plan</Filter>
    </ClCompile>
    <ClCompile Include="LFormPlan.cpp">
      <Filter>Header Files\plan</Filter>
    </ClCompile>
    <ClCompile Include="LFormGoal.cpp">
      <Filter>Header Files\plan</Filter>
    </ClCompile>
    <ClCompile Include="LFormGoalItem.cpp">
      <Filter>Header Files\plan</Filter>
    </ClCompile>
    <ClCompile Include="LAboutDlg.cpp">
      <Filter>Source Files</Filter>
    </ClCompile>
    <ClCompile Include="QResIconsDlg.cpp">
      <Filter>Header Files\plan</Filter>
    </ClCompile>
    <ClCompile Include="..\common\ProcessMan.cpp">
      <Filter>common</Filter>
    </ClCompile>
    <ClCompile Include="..\common\QAutoTask.cpp">
      <Filter>common</Filter>
    </ClCompile>
    <ClCompile Include="..\common\QHelper.cpp">
      <Filter>common</Filter>
    </ClCompile>
    <ClCompile Include="..\common\QTimer.cpp">
      <Filter>common</Filter>
    </ClCompile>
    <ClCompile Include="..\common\Worker.cpp">
      <Filter>common</Filter>
    </ClCompile>
    <ClCompile Include="..\common\QDBHelper.cpp">
      <Filter>common</Filter>
    </ClCompile>
    <ClCompile Include="..\common\QDBPlan.cpp">
      <Filter>common</Filter>
    </ClCompile>
    <ClCompile Include="..\common\QDBRes.cpp">
      <Filter>common</Filter>
    </ClCompile>
    <ClCompile Include="..\common\QLongplan.cpp">
      <Filter>common</Filter>
    </ClCompile>
    <ClCompile Include="..\common\QNote.cpp">
      <Filter>common</Filter>
    </ClCompile>
    <ClCompile Include="..\common\QTimerMan.cpp">
      <Filter>common</Filter>
    </ClCompile>
    <ClCompile Include="QShellListener.cpp">
      <Filter>Source Files</Filter>
    </ClCompile>
    <ClCompile Include="auto_update.cpp">
      <Filter>Source Files</Filter>
    </ClCompile>
    <ClCompile Include="feed\Feedback.cpp">
      <Filter>userfeed</Filter>
    </ClCompile>
    <ClCompile Include="..\..\include\misc.cpp">
      <Filter>Source Files</Filter>
    </ClCompile>
    <ClCompile Include="..\..\deps\FileVersion.cpp">
      <Filter>deps</Filter>
    </ClCompile>
    <ClCompile Include="..\..\deps\sys\UACSElfElevation.cpp">
      <Filter>deps</Filter>
    </ClCompile>
    <ClCompile Include="..\..\deps\file\FileOper.cpp">
      <Filter>deps</Filter>
    </ClCompile>
    <ClCompile Include="stdafx.cpp">
      <Filter>Source Files</Filter>
    </ClCompile>
    <ClCompile Include="..\..\deps\ui\SystemTraySDK.cpp">
      <Filter>deps</Filter>
    </ClCompile>
    <ClCompile Include="..\..\deps\img\QImgProcess.cpp">
      <Filter>deps</Filter>
    </ClCompile>
    <ClCompile Include="..\..\deps\file\FileEnumerator.cpp">
      <Filter>deps</Filter>
    </ClCompile>
    <ClCompile Include="..\..\deps\app.cpp">
      <Filter>deps</Filter>
    </ClCompile>
    <ClCompile Include="LStickyNote.cpp">
      <Filter>Source Files</Filter>
    </ClCompile>
  </ItemGroup>
  <ItemGroup>
    <ResourceCompile Include="LittleT.rc">
      <Filter>Resource Files</Filter>
    </ResourceCompile>
  </ItemGroup>
</Project>