
Microsoft Visual Studio Solution File, Format Version 12.00
# Visual Studio 2013
VisualStudioVersion = 12.0.40629.0
MinimumVisualStudioVersion = 10.0.40219.1
Project("{8BC9CEB8-8B4A-11D0-8D11-00A0C91BC942}") = "LittleTUpdater", "LittleTUpdater\LittleTUpdater.vcxproj", "{BBB17EE5-B510-415E-A146-7D2177FE3BD1}"
EndProject
Project("{8BC9CEB8-8B4A-11D0-8D11-00A0C91BC942}") = "svr", "svr\svr.vcxproj", "{B71DA2CD-53B8-49F0-B62C-2A46239FBCF9}"
EndProject
Project("{8BC9CEB8-8B4A-11D0-8D11-00A0C91BC942}") = "libzmq", "..\deps\zmq\builds\msvc\libzmq\libzmq.vcxproj", "{641C5F36-32EE-4323-B740-992B651CF9D6}"
EndProject
Project("{8BC9CEB8-8B4A-11D0-8D11-00A0C91BC942}") = "LittleT", "LittleT\LittleT.vcxproj", "{0A763285-C47C-4125-89AF-6BB461BB1AEF}"
	ProjectSection(ProjectDependencies) = postProject
		{641C5F36-32EE-4323-B740-992B651CF9D6} = {641C5F36-32EE-4323-B740-992B651CF9D6}
		{BBB17EE5-B510-415E-A146-7D2177FE3BD1} = {BBB17EE5-B510-415E-A146-7D2177FE3BD1}
	EndProjectSection
EndProject
Project("{8BC9CEB8-8B4A-11D0-8D11-00A0C91BC942}") = "uipacker", "uipacker\uipacker.vcxproj", "{6412539B-C8B7-4F45-8497-9A6219BBAAD6}"
EndProject
Global
	GlobalSection(SolutionConfigurationPlatforms) = preSolution
		Debug|Win32 = Debug|Win32
		Release|Win32 = Release|Win32
		StaticDebug|Win32 = StaticDebug|Win32
		StaticRelease|Win32 = StaticRelease|Win32
		WithOpenPGM|Win32 = WithOpenPGM|Win32
	EndGlobalSection
	GlobalSection(ProjectConfigurationPlatforms) = postSolution
		{BBB17EE5-B510-415E-A146-7D2177FE3BD1}.Debug|Win32.ActiveCfg = Debug|Win32
		{BBB17EE5-B510-415E-A146-7D2177FE3BD1}.Debug|Win32.Build.0 = Debug|Win32
		{BBB17EE5-B510-415E-A146-7D2177FE3BD1}.Release|Win32.ActiveCfg = Release|Win32
		{BBB17EE5-B510-415E-A146-7D2177FE3BD1}.Release|Win32.Build.0 = Release|Win32
		{BBB17EE5-B510-415E-A146-7D2177FE3BD1}.StaticDebug|Win32.ActiveCfg = Debug|Win32
		{BBB17EE5-B510-415E-A146-7D2177FE3BD1}.StaticDebug|Win32.Build.0 = Debug|Win32
		{BBB17EE5-B510-415E-A146-7D2177FE3BD1}.StaticRelease|Win32.ActiveCfg = Release|Win32
		{BBB17EE5-B510-415E-A146-7D2177FE3BD1}.StaticRelease|Win32.Build.0 = Release|Win32
		{BBB17EE5-B510-415E-A146-7D2177FE3BD1}.WithOpenPGM|Win32.ActiveCfg = Release|Win32
		{BBB17EE5-B510-415E-A146-7D2177FE3BD1}.WithOpenPGM|Win32.Build.0 = Release|Win32
		{B71DA2CD-53B8-49F0-B62C-2A46239FBCF9}.Debug|Win32.ActiveCfg = Debug|Win32
		{B71DA2CD-53B8-49F0-B62C-2A46239FBCF9}.Debug|Win32.Build.0 = Debug|Win32
		{B71DA2CD-53B8-49F0-B62C-2A46239FBCF9}.Release|Win32.ActiveCfg = Release|Win32
		{B71DA2CD-53B8-49F0-B62C-2A46239FBCF9}.Release|Win32.Build.0 = Release|Win32
		{B71DA2CD-53B8-49F0-B62C-2A46239FBCF9}.StaticDebug|Win32.ActiveCfg = Debug|Win32
		{B71DA2CD-53B8-49F0-B62C-2A46239FBCF9}.StaticDebug|Win32.Build.0 = Debug|Win32
		{B71DA2CD-53B8-49F0-B62C-2A46239FBCF9}.StaticRelease|Win32.ActiveCfg = Release|Win32
		{B71DA2CD-53B8-49F0-B62C-2A46239FBCF9}.StaticRelease|Win32.Build.0 = Release|Win32
		{B71DA2CD-53B8-49F0-B62C-2A46239FBCF9}.WithOpenPGM|Win32.ActiveCfg = Release|Win32
		{B71DA2CD-53B8-49F0-B62C-2A46239FBCF9}.WithOpenPGM|Win32.Build.0 = Release|Win32
		{641C5F36-32EE-4323-B740-992B651CF9D6}.Debug|Win32.ActiveCfg = Debug|Win32
		{641C5F36-32EE-4323-B740-992B651CF9D6}.Debug|Win32.Build.0 = Debug|Win32
		{641C5F36-32EE-4323-B740-992B651CF9D6}.Release|Win32.ActiveCfg = Release|Win32
		{641C5F36-32EE-4323-B740-992B651CF9D6}.Release|Win32.Build.0 = Release|Win32
		{641C5F36-32EE-4323-B740-992B651CF9D6}.StaticDebug|Win32.ActiveCfg = Debug|Win32
		{641C5F36-32EE-4323-B740-992B651CF9D6}.StaticDebug|Win32.Build.0 = Debug|Win32
		{641C5F36-32EE-4323-B740-992B651CF9D6}.StaticRelease|Win32.ActiveCfg = Release|Win32
		{641C5F36-32EE-4323-B740-992B651CF9D6}.StaticRelease|Win32.Build.0 = Release|Win32
		{641C5F36-32EE-4323-B740-992B651CF9D6}.WithOpenPGM|Win32.ActiveCfg = Release|Win32
		{641C5F36-32EE-4323-B740-992B651CF9D6}.WithOpenPGM|Win32.Build.0 = Release|Win32
		{0A763285-C47C-4125-89AF-6BB461BB1AEF}.Debug|Win32.ActiveCfg = Debug|Win32
		{0A763285-C47C-4125-89AF-6BB461BB1AEF}.Debug|Win32.Build.0 = Debug|Win32
		{0A763285-C47C-4125-89AF-6BB461BB1AEF}.Release|Win32.ActiveCfg = Release|Win32
		{0A763285-C47C-4125-89AF-6BB461BB1AEF}.Release|Win32.Build.0 = Release|Win32
		{0A763285-C47C-4125-89AF-6BB461BB1AEF}.StaticDebug|Win32.ActiveCfg = Debug|Win32
		{0A763285-C47C-4125-89AF-6BB461BB1AEF}.StaticDebug|Win32.Build.0 = Debug|Win32
		{0A763285-C47C-4125-89AF-6BB461BB1AEF}.StaticRelease|Win32.ActiveCfg = Release|Win32
		{0A763285-C47C-4125-89AF-6BB461BB1AEF}.StaticRelease|Win32.Build.0 = Release|Win32
		{0A763285-C47C-4125-89AF-6BB461BB1AEF}.WithOpenPGM|Win32.ActiveCfg = Release|Win32
		{0A763285-C47C-4125-89AF-6BB461BB1AEF}.WithOpenPGM|Win32.Build.0 = Release|Win32
		{6412539B-C8B7-4F45-8497-9A6219BBAAD6}.Debug|Win32.ActiveCfg = Debug|Win32
		{6412539B-C8B7-4F45-8497-9A6219BBAAD6}.Debug|Win32.Build.0 = Debug|Win32
		{6412539B-C8B7-4F45-8497-9A6219BBAAD6}.Release|Win32.ActiveCfg = Release|Win32
		{6412539B-C8B7-4F45-8497-9A6219BBAAD6}.Release|Win32.Build.0 = Release|Win32
		{6412539B-C8B7-4F45-8497-9A6219BBAAD6}.StaticDebug|Win32.ActiveCfg = Debug|Win32
		{6412539B-C8B7-4F45-8497-9A6219BBAAD6}.StaticDebug|Win32.Build.0 = Debug|Win32
		{6412539B-C8B7-4F45-8497-9A6219BBAAD6}.StaticRelease|Win32.ActiveCfg = Release|Win32
		{6412539B-C8B7-4F45-8497-9A6219BBAAD6}.StaticRelease|Win32.Build.0 = Release|Win32
		{6412539B-C8B7-4F45-8497-9A6219BBAAD6}.WithOpenPGM|Win32.ActiveCfg = Release|Win32
		{6412539B-C8B7-4F45-8497-9A6219BBAAD6}.WithOpenPGM|Win32.Build.0 = Release|Win32
	EndGlobalSection
	GlobalSection(SolutionProperties) = preSolution
		HideSolutionNode = FALSE
	EndGlobalSection
	GlobalSection(ExtensibilityGlobals) = postSolution
		Qt5Version = 5.4x32
	EndGlobalSection
EndGlobal
